github.com/taylormonacelli/tidehead v0.0.0-20230909185242-1ae6d6d901fa h1:UC8riDPEI2pUNZTArZEKa8Lv/LnVv/SOLv2GrekPYWM=
github.com/taylormonacelli/tidehead v0.0.0-20230909185242-1ae6d6d901fa/go.mod h1:l75aethzcAV+O4vC/pWnwBmvBdwMaWQyEf1tk/boWDM=
github.com/taylormonacelli/tidehead v0.0.0-20230909191448-ad7df01d3b48 h1:2tGFNaKTAWx0G0/kzKcftVzWnguPLEKl302aXZMRDAU=
github.com/taylormonacelli/tidehead v0.0.0-20230909191448-ad7df01d3b48/go.mod h1:l75aethzcAV+O4vC/pWnwBmvBdwMaWQyEf1tk/boWDM=
github.com/taylormonacelli/tidehead v0.0.1 h1:fz8PJykzF52yZFsvduxKlMNu7rvEL5r99q6lwy1vFE8=
github.com/taylormonacelli/tidehead v0.0.1/go.mod h1:l75aethzcAV+O4vC/pWnwBmvBdwMaWQyEf1tk/boWDM=
github.com/taylormonacelli/tidehead v0.0.2 h1:NCyDGdWYSLyUVfH0/qjAPq/tSPJZieVHdtiufouv0NA=
github.com/taylormonacelli/tidehead v0.0.2/go.mod h1:l75aethzcAV+O4vC/pWnwBmvBdwMaWQyEf1tk/boWDM=
github.com/taylormonacelli/tidehead v0.0.7 h1:CTgUsGpR//23gRla9lKPxc/9DUH7EKn7aAOoi84oDwc=
github.com/taylormonacelli/tidehead v0.0.7/go.mod h1:l75aethzcAV+O4vC/pWnwBmvBdwMaWQyEf1tk/boWDM=
github.com/ulikunitz/xz v0.5.11 h1:kpFauv27b6ynzBNT/Xy+1k+fK4WswhN/6PN5WhFAGw8=
github.com/ulikunitz/xz v0.5.11/go.mod h1:nbz6k7qbPmH4IRqmfOplQw/tblSgqTqBwxkY0oWt/14=
github.com/ulikunitz/xz v0.5.12 h1:37Nm15o69RwBkXM0J6A5OlE67RZTfzUxTj8fB3dfcsc=
github.com/ulikunitz/xz v0.5.12/go.mod h1:nbz6k7qbPmH4IRqmfOplQw/tblSgqTqBwxkY0oWt/14=
